
Microsoft Visual Studio Solution File, Format Version 12.00
# Visual Studio Version 16
VisualStudioVersion = 16.0.29926.136
MinimumVisualStudioVersion = 10.0.40219.1
Project("{FAE04EC0-301F-11D3-BF4B-00C04F79EFBC}") = "ConvertMP3Problem", "ConvertMP3Problem.csproj", "{CDB7F3B0-4526-471E-A7BF-1C098CA717D3}"
EndProject
Global
	GlobalSection(SolutionConfigurationPlatforms) = preSolution
		Debug|Any CPU = Debug|Any CPU
		Release|Any CPU = Release|Any CPU
	EndGlobalSection
	GlobalSection(ProjectConfigurationPlatforms) = postSolution
		{CDB7F3B0-4526-471E-A7BF-1C098CA717D3}.Debug|Any CPU.ActiveCfg = Debug|Any CPU
		{CDB7F3B0-4526-471E-A7BF-1C098CA717D3}.Debug|Any CPU.Build.0 = Debug|Any CPU
		{CDB7F3B0-4526-471E-A7BF-1C098CA717D3}.Release|Any CPU.ActiveCfg = Release|Any CPU
		{CDB7F3B0-4526-471E-A7BF-1C098CA717D3}.Release|Any CPU.Build.0 = Release|Any CPU
	EndGlobalSection
	GlobalSection(SolutionProperties) = preSolution
		HideSolutionNode = FALSE
	EndGlobalSection
	GlobalSection(ExtensibilityGlobals) = postSolution
		SolutionGuid = {494DCCB9-1E67-4726-8BBB-28EA488C62A5}
	EndGlobalSection
EndGlobal
